<?xml version="1.0" encoding="utf-8"?>
<Project ToolsVersion="4.0" xmlns="http://schemas.microsoft.com/developer/msbuild/2003">
  <ItemGroup>
    <ClCompile Include="Console.cpp">
      <Filter>Source Files</Filter>
    </ClCompile>
    <ClCompile Include="Main.cpp">
      <Filter>Source Files</Filter>
    </ClCompile>
    <ClCompile Include="Playground.cpp">
      <Filter>Source Files</Filter>
    </ClCompile>
    <ClCompile Include="Animal.cpp">
      <Filter>Source Files\Animals</Filter>
    </ClCompile>
    <ClCompile Include="Dog.cpp">
      <Filter>Source Files\Animals</Filter>
    </ClCompile>
    <ClCompile Include="stdafx.cpp">
      <Filter>Source Files</Filter>
    </ClCompile>
    <ClCompile Include="Rabbit.cpp">
      <Filter>Source Files\Animals</Filter>
    </ClCompile>
    <ClCompile Include="Mole.cpp">
      <Filter>Source Files\Animals</Filter>
    </ClCompile>
  </ItemGroup>
  <ItemGroup>
    <ClInclude Include="Dog.h">
      <Filter>Header Files\Animals</Filter>
    </ClInclude>
    <ClInclude Include="Console.h">
      <Filter>Header Files</Filter>
    </ClInclude>
    <ClInclude Include="Playground.h">
      <Filter>Header Files</Filter>
    </ClInclude>
    <ClInclude Include="targetver.h">
      <Filter>Header Files</Filter>
    </ClInclude>
    <ClInclude Include="stdafx.h">
      <Filter>Header Files</Filter>
    </ClInclude>
    <ClInclude Include="Animal.h">
      <Filter>Header Files\Animals</Filter>
    </ClInclude>
    <ClInclude Include="Rabbit.h">
      <Filter>Header Files\Animals</Filter>
    </ClInclude>
    <ClInclude Include="Mole.h">
      <Filter>Header Files\Animals</Filter>
    </ClInclude>
  </ItemGroup>
  <ItemGroup>
    <Text Include="ReadMe.txt" />
  </ItemGroup>
  <ItemGroup>
    <Filter Include="Header Files">
      <UniqueIdentifier>{d9c5d9a6-3665-4dfa-9c2f-7a3d73f9a246}</UniqueIdentifier>
    </Filter>
    <Filter Include="Source Files">
      <UniqueIdentifier>{d755b944-eafa-4171-9661-873b1d7ea9b2}</UniqueIdentifier>
    </Filter>
    <Filter Include="Header Files\Animals">
      <UniqueIdentifier>{a8986733-a29e-4a96-ab4d-de387e8e4061}</UniqueIdentifier>
    </Filter>
    <Filter Include="Source Files\Animals">
      <UniqueIdentifier>{78095279-42dc-4cb2-b7c3-bbda3f48552f}</UniqueIdentifier>
    </Filter>
  </ItemGroup>
</Project>